
Microsoft Visual Studio Solution File, Format Version 12.00
# Visual Studio 15
VisualStudioVersion = 15.0.27703.2035
MinimumVisualStudioVersion = 10.0.40219.1
Project("{FAE04EC0-301F-11D3-BF4B-00C04F79EFBC}") = "Business.Result.Base", "Business.Result.Base\Business.Result.Base.csproj", "{095804E3-C438-484D-BD51-D9E814FEE510}"
EndProject
Global
	GlobalSection(SolutionConfigurationPlatforms) = preSolution
		Debug|Any CPU = Debug|Any CPU
		Release|Any CPU = Release|Any CPU
	EndGlobalSection
	GlobalSection(ProjectConfigurationPlatforms) = postSolution
		{095804E3-C438-484D-BD51-D9E814FEE510}.Debug|Any CPU.ActiveCfg = Debug|Any CPU
		{095804E3-C438-484D-BD51-D9E814FEE510}.Debug|Any CPU.Build.0 = Debug|Any CPU
		{095804E3-C438-484D-BD51-D9E814FEE510}.Release|Any CPU.ActiveCfg = Release|Any CPU
		{095804E3-C438-484D-BD51-D9E814FEE510}.Release|Any CPU.Build.0 = Release|Any CPU
	EndGlobalSection
	GlobalSection(SolutionProperties) = preSolution
		HideSolutionNode = FALSE
	EndGlobalSection
	GlobalSection(ExtensibilityGlobals) = postSolution
		SolutionGuid = {84228BDA-CC38-45C5-890E-EA196434B060}
	EndGlobalSection
EndGlobal
